
Microsoft Visual Studio Solution File, Format Version 12.00
# Visual Studio Version 17
VisualStudioVersion = 17.10.34928.147
MinimumVisualStudioVersion = 10.0.40219.1
Project("{FAE04EC0-301F-11D3-BF4B-00C04F79EFBC}") = "Project1_AdonetCustomer", "Project1_AdonetCustomer\Project1_AdonetCustomer.csproj", "{45642370-7C7D-4C57-A2CA-39794FBA992A}"
EndProject
Project("{FAE04EC0-301F-11D3-BF4B-00C04F79EFBC}") = "Project2_EntityFrameworkDBFirstProduct", "Project2_EntityFrameworkDBFirstProduct\Project2_EntityFrameworkDBFirstProduct.csproj", "{E3D5A288-EF08-44B5-8C35-463144227A07}"
EndProject
Project("{FAE04EC0-301F-11D3-BF4B-00C04F79EFBC}") = "Project3_EntityFrameworkStatistics", "Project3_EntityFrameworkStatistics\Project3_EntityFrameworkStatistics.csproj", "{1CA7C679-EDD8-432A-B05E-2CDF229EB071}"
EndProject
Project("{FAE04EC0-301F-11D3-BF4B-00C04F79EFBC}") = "Project4_EntityFrameworkCodeFirstMovie", "Project4_EntityFrameworkCodeFirstMovie\Project4_EntityFrameworkCodeFirstMovie.csproj", "{B2E52505-EA55-4383-BE29-A8347882213E}"
EndProject
Project("{FAE04EC0-301F-11D3-BF4B-00C04F79EFBC}") = "Project5_DapperNorthwind", "Project5_DapperNorthwind\Project5_DapperNorthwind.csproj", "{93A11902-9849-432F-98C0-CE0222A6AB46}"
EndProject
Project("{9A19103F-16F7-4668-BE54-9A1E7A4F7556}") = "Project6_APIWeather", "Project6_APIWeather\Project6_APIWeather.csproj", "{F5C66079-4FD9-450D-AACF-3B89CA92F4A4}"
EndProject
Project("{9A19103F-16F7-4668-BE54-9A1E7A4F7556}") = "Project7_APIWeatherConsume", "Project7_APIWeatherConsume\Project7_APIWeatherConsume.csproj", "{3E5F8D15-67BE-4408-9FB4-24C7170BCDEC}"
EndProject
Project("{FAE04EC0-301F-11D3-BF4B-00C04F79EFBC}") = "Project8_RapidAPIExchangeMate", "Project8_RapidAPIExchangeMate\Project8_RapidAPIExchangeMate.csproj", "{11668B93-BA17-4ED3-86D8-09B91A19A409}"
EndProject
Project("{FAE04EC0-301F-11D3-BF4B-00C04F79EFBC}") = "Project9_MongoDBOrder", "Project9_MongoDBOrder\Project9_MongoDBOrder.csproj", "{0CC00A1B-C68F-4890-B871-9D984C688212}"
EndProject
Project("{FAE04EC0-301F-11D3-BF4B-00C04F79EFBC}") = "Project10_PostgreSQLToDoListApp", "Project10_PostgreSQLToDoListApp\Project10_PostgreSQLToDoListApp.csproj", "{4D5CB192-C0F2-4806-ABA0-FBC92246B47C}"
EndProject
Project("{FAE04EC0-301F-11D3-BF4B-00C04F79EFBC}") = "Project11_TriggerOrderStock", "Project11_TriggerOrderStock\Project11_TriggerOrderStock.csproj", "{A3DE29D7-CAD6-4E70-A9BD-7B8527EE35DC}"
EndProject
Project("{FAE04EC0-301F-11D3-BF4B-00C04F79EFBC}") = "Project12_JwtToken", "Project12_JwtToken\Project12_JwtToken.csproj", "{3E134D75-5768-4C93-8546-3E02280E9CD6}"
EndProject
Project("{FAE04EC0-301F-11D3-BF4B-00C04F79EFBC}") = "Project13_WeatherApp", "Project13_WeatherApp\Project13_WeatherApp.csproj", "{A2D8D924-5840-48A7-A870-938827D3DB67}"
EndProject
Global
	GlobalSection(SolutionConfigurationPlatforms) = preSolution
		Debug|Any CPU = Debug|Any CPU
		Release|Any CPU = Release|Any CPU
	EndGlobalSection
	GlobalSection(ProjectConfigurationPlatforms) = postSolution
		{45642370-7C7D-4C57-A2CA-39794FBA992A}.Debug|Any CPU.ActiveCfg = Debug|Any CPU
		{45642370-7C7D-4C57-A2CA-39794FBA992A}.Debug|Any CPU.Build.0 = Debug|Any CPU
		{45642370-7C7D-4C57-A2CA-39794FBA992A}.Release|Any CPU.ActiveCfg = Release|Any CPU
		{45642370-7C7D-4C57-A2CA-39794FBA992A}.Release|Any CPU.Build.0 = Release|Any CPU
		{E3D5A288-EF08-44B5-8C35-463144227A07}.Debug|Any CPU.ActiveCfg = Debug|Any CPU
		{E3D5A288-EF08-44B5-8C35-463144227A07}.Debug|Any CPU.Build.0 = Debug|Any CPU
		{E3D5A288-EF08-44B5-8C35-463144227A07}.Release|Any CPU.ActiveCfg = Release|Any CPU
		{E3D5A288-EF08-44B5-8C35-463144227A07}.Release|Any CPU.Build.0 = Release|Any CPU
		{1CA7C679-EDD8-432A-B05E-2CDF229EB071}.Debug|Any CPU.ActiveCfg = Debug|Any CPU
		{1CA7C679-EDD8-432A-B05E-2CDF229EB071}.Debug|Any CPU.Build.0 = Debug|Any CPU
		{1CA7C679-EDD8-432A-B05E-2CDF229EB071}.Release|Any CPU.ActiveCfg = Release|Any CPU
		{1CA7C679-EDD8-432A-B05E-2CDF229EB071}.Release|Any CPU.Build.0 = Release|Any CPU
		{B2E52505-EA55-4383-BE29-A8347882213E}.Debug|Any CPU.ActiveCfg = Debug|Any CPU
		{B2E52505-EA55-4383-BE29-A8347882213E}.Debug|Any CPU.Build.0 = Debug|Any CPU
		{B2E52505-EA55-4383-BE29-A8347882213E}.Release|Any CPU.ActiveCfg = Release|Any CPU
		{B2E52505-EA55-4383-BE29-A8347882213E}.Release|Any CPU.Build.0 = Release|Any CPU
		{93A11902-9849-432F-98C0-CE0222A6AB46}.Debug|Any CPU.ActiveCfg = Debug|Any CPU
		{93A11902-9849-432F-98C0-CE0222A6AB46}.Debug|Any CPU.Build.0 = Debug|Any CPU
		{93A11902-9849-432F-98C0-CE0222A6AB46}.Release|Any CPU.ActiveCfg = Release|Any CPU
		{93A11902-9849-432F-98C0-CE0222A6AB46}.Release|Any CPU.Build.0 = Release|Any CPU
		{F5C66079-4FD9-450D-AACF-3B89CA92F4A4}.Debug|Any CPU.ActiveCfg = Debug|Any CPU
		{F5C66079-4FD9-450D-AACF-3B89CA92F4A4}.Debug|Any CPU.Build.0 = Debug|Any CPU
		{F5C66079-4FD9-450D-AACF-3B89CA92F4A4}.Release|Any CPU.ActiveCfg = Release|Any CPU
		{F5C66079-4FD9-450D-AACF-3B89CA92F4A4}.Release|Any CPU.Build.0 = Release|Any CPU
		{3E5F8D15-67BE-4408-9FB4-24C7170BCDEC}.Debug|Any CPU.ActiveCfg = Debug|Any CPU
		{3E5F8D15-67BE-4408-9FB4-24C7170BCDEC}.Debug|Any CPU.Build.0 = Debug|Any CPU
		{3E5F8D15-67BE-4408-9FB4-24C7170BCDEC}.Release|Any CPU.ActiveCfg = Release|Any CPU
		{3E5F8D15-67BE-4408-9FB4-24C7170BCDEC}.Release|Any CPU.Build.0 = Release|Any CPU
		{11668B93-BA17-4ED3-86D8-09B91A19A409}.Debug|Any CPU.ActiveCfg = Debug|Any CPU
		{11668B93-BA17-4ED3-86D8-09B91A19A409}.Debug|Any CPU.Build.0 = Debug|Any CPU
		{11668B93-BA17-4ED3-86D8-09B91A19A409}.Release|Any CPU.ActiveCfg = Release|Any CPU
		{11668B93-BA17-4ED3-86D8-09B91A19A409}.Release|Any CPU.Build.0 = Release|Any CPU
		{0CC00A1B-C68F-4890-B871-9D984C688212}.Debug|Any CPU.ActiveCfg = Debug|Any CPU
		{0CC00A1B-C68F-4890-B871-9D984C688212}.Debug|Any CPU.Build.0 = Debug|Any CPU
		{0CC00A1B-C68F-4890-B871-9D984C688212}.Release|Any CPU.ActiveCfg = Release|Any CPU
		{0CC00A1B-C68F-4890-B871-9D984C688212}.Release|Any CPU.Build.0 = Release|Any CPU
		{4D5CB192-C0F2-4806-ABA0-FBC92246B47C}.Debug|Any CPU.ActiveCfg = Debug|Any CPU
		{4D5CB192-C0F2-4806-ABA0-FBC92246B47C}.Debug|Any CPU.Build.0 = Debug|Any CPU
		{4D5CB192-C0F2-4806-ABA0-FBC92246B47C}.Release|Any CPU.ActiveCfg = Release|Any CPU
		{4D5CB192-C0F2-4806-ABA0-FBC92246B47C}.Release|Any CPU.Build.0 = Release|Any CPU
		{A3DE29D7-CAD6-4E70-A9BD-7B8527EE35DC}.Debug|Any CPU.ActiveCfg = Debug|Any CPU
		{A3DE29D7-CAD6-4E70-A9BD-7B8527EE35DC}.Debug|Any CPU.Build.0 = Debug|Any CPU
		{A3DE29D7-CAD6-4E70-A9BD-7B8527EE35DC}.Release|Any CPU.ActiveCfg = Release|Any CPU
		{A3DE29D7-CAD6-4E70-A9BD-7B8527EE35DC}.Release|Any CPU.Build.0 = Release|Any CPU
		{3E134D75-5768-4C93-8546-3E02280E9CD6}.Debug|Any CPU.ActiveCfg = Debug|Any CPU
		{3E134D75-5768-4C93-8546-3E02280E9CD6}.Debug|Any CPU.Build.0 = Debug|Any CPU
		{3E134D75-5768-4C93-8546-3E02280E9CD6}.Release|Any CPU.ActiveCfg = Release|Any CPU
		{3E134D75-5768-4C93-8546-3E02280E9CD6}.Release|Any CPU.Build.0 = Release|Any CPU
		{A2D8D924-5840-48A7-A870-938827D3DB67}.Debug|Any CPU.ActiveCfg = Debug|Any CPU
		{A2D8D924-5840-48A7-A870-938827D3DB67}.Debug|Any CPU.Build.0 = Debug|Any CPU
		{A2D8D924-5840-48A7-A870-938827D3DB67}.Release|Any CPU.ActiveCfg = Release|Any CPU
		{A2D8D924-5840-48A7-A870-938827D3DB67}.Release|Any CPU.Build.0 = Release|Any CPU
	EndGlobalSection
	GlobalSection(SolutionProperties) = preSolution
		HideSolutionNode = FALSE
	EndGlobalSection
	GlobalSection(ExtensibilityGlobals) = postSolution
		SolutionGuid = {9ACCB2FF-21AD-4453-B4FE-5985AB479486}
	EndGlobalSection
EndGlobal
